// !$*UTF8*$!
{
	archiveVersion = 1;
	classes = {
	};
	objectVersion = 56;
	objects = {

/* Begin PBXBuildFile section */
		5D3796D12B622BA8008E2742 /* CalendarFormatter.swift in Sources */ = {isa = PBXBuildFile; fileRef = 5D3796C22B622BA8008E2742 /* CalendarFormatter.swift */; };
		5D3796D22B622BA8008E2742 /* DateExtension.swift in Sources */ = {isa = PBXBuildFile; fileRef = 5D3796C32B622BA8008E2742 /* DateExtension.swift */; };
		5D3796D32B622BA8008E2742 /* YearPicker.swift in Sources */ = {isa = PBXBuildFile; fileRef = 5D3796C42B622BA8008E2742 /* YearPicker.swift */; };
		5D3796D42B622BA8008E2742 /* CalendarMenu.swift in Sources */ = {isa = PBXBuildFile; fileRef = 5D3796C52B622BA8008E2742 /* CalendarMenu.swift */; };
		5D3796D52B622BA8008E2742 /* MonthYearPicker.swift in Sources */ = {isa = PBXBuildFile; fileRef = 5D3796C62B622BA8008E2742 /* MonthYearPicker.swift */; };
		5D3796D62B622BA8008E2742 /* WeeksPicker.swift in Sources */ = {isa = PBXBuildFile; fileRef = 5D3796C72B622BA8008E2742 /* WeeksPicker.swift */; };
		5D3796D72B622BA8008E2742 /* DayPicker.swift in Sources */ = {isa = PBXBuildFile; fileRef = 5D3796C82B622BA8008E2742 /* DayPicker.swift */; };
		5D3796D82B622BA8008E2742 /* Assets.xcassets in Resources */ = {isa = PBXBuildFile; fileRef = 5D3796CA2B622BA8008E2742 /* Assets.xcassets */; };
		5D3796D92B622BA8008E2742 /* Main.storyboard in Resources */ = {isa = PBXBuildFile; fileRef = 5D3796CD2B622BA8008E2742 /* Main.storyboard */; };
		5D3796DA2B622BA8008E2742 /* ViewController.swift in Sources */ = {isa = PBXBuildFile; fileRef = 5D3796D02B622BA8008E2742 /* ViewController.swift */; };
		5D3796E12B622BB0008E2742 /* AppDelegate.swift in Sources */ = {isa = PBXBuildFile; fileRef = 5D3796DC2B622BB0008E2742 /* AppDelegate.swift */; };
		5D3796E22B622BB0008E2742 /* SceneDelegate.swift in Sources */ = {isa = PBXBuildFile; fileRef = 5D3796DD2B622BB0008E2742 /* SceneDelegate.swift */; };
		5D3796E32B622BB0008E2742 /* LaunchScreen.storyboard in Resources */ = {isa = PBXBuildFile; fileRef = 5D3796DF2B622BB0008E2742 /* LaunchScreen.storyboard */; };
/* End PBXBuildFile section */

/* Begin PBXFileReference section */
		5D3796A72B622B29008E2742 /* DatePicker-iOS.app */ = {isa = PBXFileReference; explicitFileType = wrapper.application; includeInIndex = 0; path = "DatePicker-iOS.app"; sourceTree = BUILT_PRODUCTS_DIR; };
		5D3796B82B622B2A008E2742 /* Info.plist */ = {isa = PBXFileReference; lastKnownFileType = text.plist.xml; path = Info.plist; sourceTree = "<group>"; };
		5D3796C22B622BA8008E2742 /* CalendarFormatter.swift */ = {isa = PBXFileReference; fileEncoding = 4; lastKnownFileType = sourcecode.swift; path = CalendarFormatter.swift; sourceTree = "<group>"; };
		5D3796C32B622BA8008E2742 /* DateExtension.swift */ = {isa = PBXFileReference; fileEncoding = 4; lastKnownFileType = sourcecode.swift; path = DateExtension.swift; sourceTree = "<group>"; };
		5D3796C42B622BA8008E2742 /* YearPicker.swift */ = {isa = PBXFileReference; fileEncoding = 4; lastKnownFileType = sourcecode.swift; path = YearPicker.swift; sourceTree = "<group>"; };
		5D3796C52B622BA8008E2742 /* CalendarMenu.swift */ = {isa = PBXFileReference; fileEncoding = 4; lastKnownFileType = sourcecode.swift; path = CalendarMenu.swift; sourceTree = "<group>"; };
		5D3796C62B622BA8008E2742 /* MonthYearPicker.swift */ = {isa = PBXFileReference; fileEncoding = 4; lastKnownFileType = sourcecode.swift; path = MonthYearPicker.swift; sourceTree = "<group>"; };
		5D3796C72B622BA8008E2742 /* WeeksPicker.swift */ = {isa = PBXFileReference; fileEncoding = 4; lastKnownFileType = sourcecode.swift; path = WeeksPicker.swift; sourceTree = "<group>"; };
		5D3796C82B622BA8008E2742 /* DayPicker.swift */ = {isa = PBXFileReference; fileEncoding = 4; lastKnownFileType = sourcecode.swift; path = DayPicker.swift; sourceTree = "<group>"; };
		5D3796CA2B622BA8008E2742 /* Assets.xcassets */ = {isa = PBXFileReference; lastKnownFileType = folder.assetcatalog; path = Assets.xcassets; sourceTree = "<group>"; };
		5D3796CE2B622BA8008E2742 /* Base */ = {isa = PBXFileReference; lastKnownFileType = file.storyboard; name = Base; path = Base.lproj/Main.storyboard; sourceTree = "<group>"; };
		5D3796D02B622BA8008E2742 /* ViewController.swift */ = {isa = PBXFileReference; fileEncoding = 4; lastKnownFileType = sourcecode.swift; path = ViewController.swift; sourceTree = "<group>"; };
		5D3796DC2B622BB0008E2742 /* AppDelegate.swift */ = {isa = PBXFileReference; fileEncoding = 4; lastKnownFileType = sourcecode.swift; path = AppDelegate.swift; sourceTree = "<group>"; };
		5D3796DD2B622BB0008E2742 /* SceneDelegate.swift */ = {isa = PBXFileReference; fileEncoding = 4; lastKnownFileType = sourcecode.swift; path = SceneDelegate.swift; sourceTree = "<group>"; };
		5D3796E02B622BB0008E2742 /* Base */ = {isa = PBXFileReference; lastKnownFileType = file.storyboard; name = Base; path = Base.lproj/LaunchScreen.storyboard; sourceTree = "<group>"; };
/* End PBXFileReference section */

/* Begin PBXFrameworksBuildPhase section */
		5D3796A42B622B29008E2742 /* Frameworks */ = {
			isa = PBXFrameworksBuildPhase;
			buildActionMask = 2147483647;
			files = (
			);
			runOnlyForDeploymentPostprocessing = 0;
		};
/* End PBXFrameworksBuildPhase section */

/* Begin PBXGroup section */
		5D37969E2B622B29008E2742 = {
			isa = PBXGroup;
			children = (
				5D3796A92B622B29008E2742 /* DatePicker-iOS */,
				5D3796A82B622B29008E2742 /* Products */,
			);
			sourceTree = "<group>";
		};
		5D3796A82B622B29008E2742 /* Products */ = {
			isa = PBXGroup;
			children = (
				5D3796A72B622B29008E2742 /* DatePicker-iOS.app */,
			);
			name = Products;
			sourceTree = "<group>";
		};
		5D3796A92B622B29008E2742 /* DatePicker-iOS */ = {
			isa = PBXGroup;
			children = (
				5D3796DB2B622BB0008E2742 /* AppBase */,
				5D3796CB2B622BA8008E2742 /* Scean */,
				5D3796C92B622BA8008E2742 /* Resources */,
				5D3796BF2B622BA8008E2742 /* ThirdParty */,
				5D3796BE2B622B3D008E2742 /* Plist */,
			);
			path = "DatePicker-iOS";
			sourceTree = "<group>";
		};
		5D3796BE2B622B3D008E2742 /* Plist */ = {
			isa = PBXGroup;
			children = (
				5D3796B82B622B2A008E2742 /* Info.plist */,
			);
			path = Plist;
			sourceTree = "<group>";
		};
		5D3796BF2B622BA8008E2742 /* ThirdParty */ = {
			isa = PBXGroup;
			children = (
				5D3796C02B622BA8008E2742 /* DatePicker */,
			);
			path = ThirdParty;
			sourceTree = "<group>";
		};
		5D3796C02B622BA8008E2742 /* DatePicker */ = {
			isa = PBXGroup;
			children = (
				5D3796C12B622BA8008E2742 /* Formatters+Extensions */,
				5D3796C42B622BA8008E2742 /* YearPicker.swift */,
				5D3796C52B622BA8008E2742 /* CalendarMenu.swift */,
				5D3796C62B622BA8008E2742 /* MonthYearPicker.swift */,
				5D3796C72B622BA8008E2742 /* WeeksPicker.swift */,
				5D3796C82B622BA8008E2742 /* DayPicker.swift */,
			);
			path = DatePicker;
			sourceTree = "<group>";
		};
		5D3796C12B622BA8008E2742 /* Formatters+Extensions */ = {
			isa = PBXGroup;
			children = (
				5D3796C22B622BA8008E2742 /* CalendarFormatter.swift */,
				5D3796C32B622BA8008E2742 /* DateExtension.swift */,
			);
			path = "Formatters+Extensions";
			sourceTree = "<group>";
		};
		5D3796C92B622BA8008E2742 /* Resources */ = {
			isa = PBXGroup;
			children = (
				5D3796CA2B622BA8008E2742 /* Assets.xcassets */,
			);
			path = Resources;
			sourceTree = "<group>";
		};
		5D3796CB2B622BA8008E2742 /* Scean */ = {
			isa = PBXGroup;
			children = (
				5D3796DE2B622BB0008E2742 /* LunchScreen */,
				5D3796CC2B622BA8008E2742 /* Views */,
			);
			path = Scean;
			sourceTree = "<group>";
		};
		5D3796CC2B622BA8008E2742 /* Views */ = {
			isa = PBXGroup;
			children = (
				5D3796CD2B622BA8008E2742 /* Main.storyboard */,
				5D3796CF2B622BA8008E2742 /* Controllers */,
			);
			path = Views;
			sourceTree = "<group>";
		};
		5D3796CF2B622BA8008E2742 /* Controllers */ = {
			isa = PBXGroup;
			children = (
				5D3796D02B622BA8008E2742 /* ViewController.swift */,
			);
			path = Controllers;
			sourceTree = "<group>";
		};
		5D3796DB2B622BB0008E2742 /* AppBase */ = {
			isa = PBXGroup;
			children = (
				5D3796DC2B622BB0008E2742 /* AppDelegate.swift */,
				5D3796DD2B622BB0008E2742 /* SceneDelegate.swift */,
			);
			path = AppBase;
			sourceTree = "<group>";
		};
		5D3796DE2B622BB0008E2742 /* LunchScreen */ = {
			isa = PBXGroup;
			children = (
				5D3796DF2B622BB0008E2742 /* LaunchScreen.storyboard */,
			);
			path = LunchScreen;
			sourceTree = "<group>";
		};
/* End PBXGroup section */

/* Begin PBXNativeTarget section */
		5D3796A62B622B29008E2742 /* DatePicker-iOS */ = {
			isa = PBXNativeTarget;
			buildConfigurationList = 5D3796BB2B622B2A008E2742 /* Build configuration list for PBXNativeTarget "DatePicker-iOS" */;
			buildPhases = (
				5D3796A32B622B29008E2742 /* Sources */,
				5D3796A42B622B29008E2742 /* Frameworks */,
				5D3796A52B622B29008E2742 /* Resources */,
			);
			buildRules = (
			);
			dependencies = (
			);
			name = "DatePicker-iOS";
			productName = "DatePicker-iOS";
			productReference = 5D3796A72B622B29008E2742 /* DatePicker-iOS.app */;
			productType = "com.apple.product-type.application";
		};
/* End PBXNativeTarget section */

/* Begin PBXProject section */
		5D37969F2B622B29008E2742 /* Project object */ = {
			isa = PBXProject;
			attributes = {
				BuildIndependentTargetsInParallel = 1;
				LastSwiftUpdateCheck = 1510;
				LastUpgradeCheck = 1510;
				TargetAttributes = {
					5D3796A62B622B29008E2742 = {
						CreatedOnToolsVersion = 15.1;
					};
				};
			};
			buildConfigurationList = 5D3796A22B622B29008E2742 /* Build configuration list for PBXProject "DatePicker-iOS" */;
			compatibilityVersion = "Xcode 14.0";
			developmentRegion = en;
			hasScannedForEncodings = 0;
			knownRegions = (
				en,
				Base,
			);
			mainGroup = 5D37969E2B622B29008E2742;
			productRefGroup = 5D3796A82B622B29008E2742 /* Products */;
			projectDirPath = "";
			projectRoot = "";
			targets = (
				5D3796A62B622B29008E2742 /* DatePicker-iOS */,
			);
		};
/* End PBXProject section */

/* Begin PBXResourcesBuildPhase section */
		5D3796A52B622B29008E2742 /* Resources */ = {
			isa = PBXResourcesBuildPhase;
			buildActionMask = 2147483647;
			files = (
				5D3796E32B622BB0008E2742 /* LaunchScreen.storyboard in Resources */,
				5D3796D82B622BA8008E2742 /* Assets.xcassets in Resources */,
				5D3796D92B622BA8008E2742 /* Main.storyboard in Resources */,
			);
			runOnlyForDeploymentPostprocessing = 0;
		};
/* End PBXResourcesBuildPhase section */

/* Begin PBXSourcesBuildPhase section */
		5D3796A32B622B29008E2742 /* Sources */ = {
			isa = PBXSourcesBuildPhase;
			buildActionMask = 2147483647;
			files = (
				5D3796D42B622BA8008E2742 /* CalendarMenu.swift in Sources */,
				5D3796D52B622BA8008E2742 /* MonthYearPicker.swift in Sources */,
				5D3796D32B622BA8008E2742 /* YearPicker.swift in Sources */,
				5D3796E12B622BB0008E2742 /* AppDelegate.swift in Sources */,
				5D3796D62B622BA8008E2742 /* WeeksPicker.swift in Sources */,
				5D3796E22B622BB0008E2742 /* SceneDelegate.swift in Sources */,
				5D3796D72B622BA8008E2742 /* DayPicker.swift in Sources */,
				5D3796D12B622BA8008E2742 /* CalendarFormatter.swift in Sources */,
				5D3796DA2B622BA8008E2742 /* ViewController.swift in Sources */,
				5D3796D22B622BA8008E2742 /* DateExtension.swift in Sources */,
			);
			runOnlyForDeploymentPostprocessing = 0;
		};
/* End PBXSourcesBuildPhase section */

/* Begin PBXVariantGroup section */
		5D3796CD2B622BA8008E2742 /* Main.storyboard */ = {
			isa = PBXVariantGroup;
			children = (
				5D3796CE2B622BA8008E2742 /* Base */,
			);
			name = Main.storyboard;
			sourceTree = "<group>";
		};
		5D3796DF2B622BB0008E2742 /* LaunchScreen.storyboard */ = {
			isa = PBXVariantGroup;
			children = (
				5D3796E02B622BB0008E2742 /* Base */,
			);
			name = LaunchScreen.storyboard;
			sourceTree = "<group>";
		};
/* End PBXVariantGroup section */

/* Begin XCBuildConfiguration section */
		5D3796B92B622B2A008E2742 /* Debug */ = {
			isa = XCBuildConfiguration;
			buildSettings = {
				ALWAYS_SEARCH_USER_PATHS = NO;
				ASSETCATALOG_COMPILER_GENERATE_SWIFT_ASSET_SYMBOL_EXTENSIONS = YES;
				CLANG_ANALYZER_NONNULL = YES;
				CLANG_ANALYZER_NUMBER_OBJECT_CONVERSION = YES_AGGRESSIVE;
				CLANG_CXX_LANGUAGE_STANDARD = "gnu++20";
				CLANG_ENABLE_MODULES = YES;
				CLANG_ENABLE_OBJC_ARC = YES;
				CLANG_ENABLE_OBJC_WEAK = YES;
				CLANG_WARN_BLOCK_CAPTURE_AUTORELEASING = YES;
				CLANG_WARN_BOOL_CONVERSION = YES;
				CLANG_WARN_COMMA = YES;
				CLANG_WARN_CONSTANT_CONVERSION = YES;
				CLANG_WARN_DEPRECATED_OBJC_IMPLEMENTATIONS = YES;
				CLANG_WARN_DIRECT_OBJC_ISA_USAGE = YES_ERROR;
				CLANG_WARN_DOCUMENTATION_COMMENTS = YES;
				CLANG_WARN_EMPTY_BODY = YES;
				CLANG_WARN_ENUM_CONVERSION = YES;
				CLANG_WARN_INFINITE_RECURSION = YES;
				CLANG_WARN_INT_CONVERSION = YES;
				CLANG_WARN_NON_LITERAL_NULL_CONVERSION = YES;
				CLANG_WARN_OBJC_IMPLICIT_RETAIN_SELF = YES;
				CLANG_WARN_OBJC_LITERAL_CONVERSION = YES;
				CLANG_WARN_OBJC_ROOT_CLASS = YES_ERROR;
				CLANG_WARN_QUOTED_INCLUDE_IN_FRAMEWORK_HEADER = YES;
				CLANG_WARN_RANGE_LOOP_ANALYSIS = YES;
				CLANG_WARN_STRICT_PROTOTYPES = YES;
				CLANG_WARN_SUSPICIOUS_MOVE = YES;
				CLANG_WARN_UNGUARDED_AVAILABILITY = YES_AGGRESSIVE;
				CLANG_WARN_UNREACHABLE_CODE = YES;
				CLANG_WARN__DUPLICATE_METHOD_MATCH = YES;
				COPY_PHASE_STRIP = NO;
				DEBUG_INFORMATION_FORMAT = dwarf;
				ENABLE_STRICT_OBJC_MSGSEND = YES;
				ENABLE_TESTABILITY = YES;
				ENABLE_USER_SCRIPT_SANDBOXING = YES;
				GCC_C_LANGUAGE_STANDARD = gnu17;
				GCC_DYNAMIC_NO_PIC = NO;
				GCC_NO_COMMON_BLOCKS = YES;
				GCC_OPTIMIZATION_LEVEL = 0;
				GCC_PREPROCESSOR_DEFINITIONS = (
					"DEBUG=1",
					"$(inherited)",
				);
				GCC_WARN_64_TO_32_BIT_CONVERSION = YES;
				GCC_WARN_ABOUT_RETURN_TYPE = YES_ERROR;
				GCC_WARN_UNDECLARED_SELECTOR = YES;
				GCC_WARN_UNINITIALIZED_AUTOS = YES_AGGRESSIVE;
				GCC_WARN_UNUSED_FUNCTION = YES;
				GCC_WARN_UNUSED_VARIABLE = YES;
				INFOPLIST_FILE = "/Users/hyperlink/Desktop/Suraj/Projects/Project Task/DatePicker-iOS/DatePicker-iOS/Plist/Info.plist";
				IPHONEOS_DEPLOYMENT_TARGET = 14.0;
				LOCALIZATION_PREFERS_STRING_CATALOGS = YES;
				MTL_ENABLE_DEBUG_INFO = INCLUDE_SOURCE;
				MTL_FAST_MATH = YES;
				ONLY_ACTIVE_ARCH = YES;
				SDKROOT = iphoneos;
				SWIFT_ACTIVE_COMPILATION_CONDITIONS = "DEBUG $(inherited)";
				SWIFT_OPTIMIZATION_LEVEL = "-Onone";
			};
			name = Debug;
		};
		5D3796BA2B622B2A008E2742 /* Release */ = {
			isa = XCBuildConfiguration;
			buildSettings = {
				ALWAYS_SEARCH_USER_PATHS = NO;
				ASSETCATALOG_COMPILER_GENERATE_SWIFT_ASSET_SYMBOL_EXTENSIONS = YES;
				CLANG_ANALYZER_NONNULL = YES;
				CLANG_ANALYZER_NUMBER_OBJECT_CONVERSION = YES_AGGRESSIVE;
				CLANG_CXX_LANGUAGE_STANDARD = "gnu++20";
				CLANG_ENABLE_MODULES = YES;
				CLANG_ENABLE_OBJC_ARC = YES;
				CLANG_ENABLE_OBJC_WEAK = YES;
				CLANG_WARN_BLOCK_CAPTURE_AUTORELEASING = YES;
				CLANG_WARN_BOOL_CONVERSION = YES;
				CLANG_WARN_COMMA = YES;
				CLANG_WARN_CONSTANT_CONVERSION = YES;
				CLANG_WARN_DEPRECATED_OBJC_IMPLEMENTATIONS = YES;
				CLANG_WARN_DIRECT_OBJC_ISA_USAGE = YES_ERROR;
				CLANG_WARN_DOCUMENTATION_COMMENTS = YES;
				CLANG_WARN_EMPTY_BODY = YES;
				CLANG_WARN_ENUM_CONVERSION = YES;
				CLANG_WARN_INFINITE_RECURSION = YES;
				CLANG_WARN_INT_CONVERSION = YES;
				CLANG_WARN_NON_LITERAL_NULL_CONVERSION = YES;
				CLANG_WARN_OBJC_IMPLICIT_RETAIN_SELF = YES;
				CLANG_WARN_OBJC_LITERAL_CONVERSION = YES;
				CLANG_WARN_OBJC_ROOT_CLASS = YES_ERROR;
				CLANG_WARN_QUOTED_INCLUDE_IN_FRAMEWORK_HEADER = YES;
				CLANG_WARN_RANGE_LOOP_ANALYSIS = YES;
				CLANG_WARN_STRICT_PROTOTYPES = YES;
				CLANG_WARN_SUSPICIOUS_MOVE = YES;
				CLANG_WARN_UNGUARDED_AVAILABILITY = YES_AGGRESSIVE;
				CLANG_WARN_UNREACHABLE_CODE = YES;
				CLANG_WARN__DUPLICATE_METHOD_MATCH = YES;
				COPY_PHASE_STRIP = NO;
				DEBUG_INFORMATION_FORMAT = "dwarf-with-dsym";
				ENABLE_NS_ASSERTIONS = NO;
				ENABLE_STRICT_OBJC_MSGSEND = YES;
				ENABLE_USER_SCRIPT_SANDBOXING = YES;
				GCC_C_LANGUAGE_STANDARD = gnu17;
				GCC_NO_COMMON_BLOCKS = YES;
				GCC_WARN_64_TO_32_BIT_CONVERSION = YES;
				GCC_WARN_ABOUT_RETURN_TYPE = YES_ERROR;
				GCC_WARN_UNDECLARED_SELECTOR = YES;
				GCC_WARN_UNINITIALIZED_AUTOS = YES_AGGRESSIVE;
				GCC_WARN_UNUSED_FUNCTION = YES;
				GCC_WARN_UNUSED_VARIABLE = YES;
				INFOPLIST_FILE = "/Users/hyperlink/Desktop/Suraj/Projects/Project Task/DatePicker-iOS/DatePicker-iOS/Plist/Info.plist";
				IPHONEOS_DEPLOYMENT_TARGET = 14.0;
				LOCALIZATION_PREFERS_STRING_CATALOGS = YES;
				MTL_ENABLE_DEBUG_INFO = NO;
				MTL_FAST_MATH = YES;
				SDKROOT = iphoneos;
				SWIFT_COMPILATION_MODE = wholemodule;
				VALIDATE_PRODUCT = YES;
			};
			name = Release;
		};
		5D3796BC2B622B2A008E2742 /* Debug */ = {
			isa = XCBuildConfiguration;
			buildSettings = {
				ASSETCATALOG_COMPILER_APPICON_NAME = AppIcon;
				ASSETCATALOG_COMPILER_GLOBAL_ACCENT_COLOR_NAME = AccentColor;
				CODE_SIGN_STYLE = Automatic;
				CURRENT_PROJECT_VERSION = 1;
				GENERATE_INFOPLIST_FILE = YES;
				INFOPLIST_FILE = "/Users/hyperlink/Desktop/Suraj/Projects/Project Task/DatePicker-iOS/DatePicker-iOS/Plist/Info.plist";
				INFOPLIST_KEY_UIApplicationSupportsIndirectInputEvents = YES;
				INFOPLIST_KEY_UILaunchStoryboardName = LaunchScreen;
				INFOPLIST_KEY_UIMainStoryboardFile = Main;
				INFOPLIST_KEY_UISupportedInterfaceOrientations_iPad = "UIInterfaceOrientationPortrait UIInterfaceOrientationPortraitUpsideDown UIInterfaceOrientationLandscapeLeft UIInterfaceOrientationLandscapeRight";
				INFOPLIST_KEY_UISupportedInterfaceOrientations_iPhone = "UIInterfaceOrientationPortrait UIInterfaceOrientationLandscapeLeft UIInterfaceOrientationLandscapeRight";
				IPHONEOS_DEPLOYMENT_TARGET = 14.0;
				LD_RUNPATH_SEARCH_PATHS = (
					"$(inherited)",
					"@executable_path/Frameworks",
				);
				MARKETING_VERSION = 1.0;
				PRODUCT_BUNDLE_IDENTIFIER = "com.DatePicker-iOS";
				PRODUCT_NAME = "$(TARGET_NAME)";
				SWIFT_EMIT_LOC_STRINGS = YES;
				SWIFT_VERSION = 5.0;
				TARGETED_DEVICE_FAMILY = "1,2";
			};
			name = Debug;
		};
		5D3796BD2B622B2A008E2742 /* Release */ = {
			isa = XCBuildConfiguration;
			buildSettings = {
				ASSETCATALOG_COMPILER_APPICON_NAME = AppIcon;
				ASSETCATALOG_COMPILER_GLOBAL_ACCENT_COLOR_NAME = AccentColor;
				CODE_SIGN_STYLE = Automatic;
				CURRENT_PROJECT_VERSION = 1;
				GENERATE_INFOPLIST_FILE = YES;
				INFOPLIST_FILE = "/Users/hyperlink/Desktop/Suraj/Projects/Project Task/DatePicker-iOS/DatePicker-iOS/Plist/Info.plist";
				INFOPLIST_KEY_UIApplicationSupportsIndirectInputEvents = YES;
				INFOPLIST_KEY_UILaunchStoryboardName = LaunchScreen;
				INFOPLIST_KEY_UIMainStoryboardFile = Main;
				INFOPLIST_KEY_UISupportedInterfaceOrientations_iPad = "UIInterfaceOrientationPortrait UIInterfaceOrientationPortraitUpsideDown UIInterfaceOrientationLandscapeLeft UIInterfaceOrientationLandscapeRight";
				INFOPLIST_KEY_UISupportedInterfaceOrientations_iPhone = "UIInterfaceOrientationPortrait UIInterfaceOrientationLandscapeLeft UIInterfaceOrientationLandscapeRight";
				IPHONEOS_DEPLOYMENT_TARGET = 14.0;
				LD_RUNPATH_SEARCH_PATHS = (
					"$(inherited)",
					"@executable_path/Frameworks",
				);
				MARKETING_VERSION = 1.0;
				PRODUCT_BUNDLE_IDENTIFIER = "com.DatePicker-iOS";
				PRODUCT_NAME = "$(TARGET_NAME)";
				SWIFT_EMIT_LOC_STRINGS = YES;
				SWIFT_VERSION = 5.0;
				TARGETED_DEVICE_FAMILY = "1,2";
			};
			name = Release;
		};
/* End XCBuildConfiguration section */

/* Begin XCConfigurationList section */
		5D3796A22B622B29008E2742 /* Build configuration list for PBXProject "DatePicker-iOS" */ = {
			isa = XCConfigurationList;
			buildConfigurations = (
				5D3796B92B622B2A008E2742 /* Debug */,
				5D3796BA2B622B2A008E2742 /* Release */,
			);
			defaultConfigurationIsVisible = 0;
			defaultConfigurationName = Release;
		};
		5D3796BB2B622B2A008E2742 /* Build configuration list for PBXNativeTarget "DatePicker-iOS" */ = {
			isa = XCConfigurationList;
			buildConfigurations = (
				5D3796BC2B622B2A008E2742 /* Debug */,
				5D3796BD2B622B2A008E2742 /* Release */,
			);
			defaultConfigurationIsVisible = 0;
			defaultConfigurationName = Release;
		};
/* End XCConfigurationList section */
	};
	rootObject = 5D37969F2B622B29008E2742 /* Project object */;
}
